{
  "version": 4,
  "terraform_version": "1.0.11",
  "serial": 49,
  "lineage": "ba02bc0d-6a71-e30f-111b-d33303548788",
  "outputs": {
    "instance_id": {
      "value": [
        "i-05666186a6b548dfc"
      ],
      "type": [
        "tuple",
        [
          "string"
        ]
      ]
    },
    "instance_public_ip": {
      "value": [
        "52.14.128.183"
      ],
      "type": [
        "tuple",
        [
          "string"
        ]
      ]
    }
  },
  "resources": [
    {
      "mode": "data",
      "type": "template_file",
      "name": "user_data",
      "provider": "provider[\"registry.terraform.io/hashicorp/template\"]",
      "instances": [
        {
          "schema_version": 0,
          "attributes": {
            "filename": null,
            "id": "eaf637cb5b91f435fae9e7580146df8d7070759afcfd108ad4b23d20de7ee04a",
            "rendered": "#cloud-config\r\ngroups:\r\n  - deploy\r\nusers:\r\n  - default\r\n  - name: deploy\r\n    gecos: \"user de deploiement\"\r\n    shell: /bin/bash\r\n    sudo: ALL=(ALL) NOPASSWD:ALL\r\n    primary-group: deploy\r\n    lock_passwd: false\r\n    ssh_authorized_keys:\r\n      - ssh-rsa AAAAB3NzaC1yc2EAAAADAQABAAABgQDWJmJtkR8NdFrL4xcoL3OutpifmKrhxxIY6PJOGxTg1Ikdh5rCg4dUM3AaoLtQp95YMV0teU9H3rNpGC80e5KX6/EoYH7hQBzQG+kuNSKVxrjIk1Uk/B5tAX0vVoEE28JpSz+KQu1aGI2nYEES+Jgeq97K/s0f9xu+ZX8ucgNmwBLKZCTrM39B774Vc2YG8bMcZ/5X8hSJdSPoLRDsChx+oL4doSh+foKBMgZjw434KMQCrg9nrLypyTVvuru9q1EJtcgmSWC8AHWpS0YQx8XrielxFMNIaCjegzW+Ph8WU+7Wt3ds2/abScOW9r4HaBh5vBUQcQyzzPZFOShepV6aQ+T/+IlJToAsr5HxZUeiC4F8PLZp2Tp1zhNDcmLvNiKK70PRJ6L1S6w7Kyd9ZL29F2PQGpTxM+FyOmZW0mSyV+CKFCckpKIJz+akg1gPGCsP5O6J5WpjuFNWukZCymPHUGpfqvi+8X1NShd40gqPLnHda3qi2ssbZSbnZ+33mnE= maillerc@LAPTOP-7H61VPOA\r\n\r\npackages:\r\n  - python3\r\n",
            "template": "#cloud-config\r\ngroups:\r\n  - deploy\r\nusers:\r\n  - default\r\n  - name: deploy\r\n    gecos: \"user de deploiement\"\r\n    shell: /bin/bash\r\n    sudo: ALL=(ALL) NOPASSWD:ALL\r\n    primary-group: deploy\r\n    lock_passwd: false\r\n    ssh_authorized_keys:\r\n      - ssh-rsa AAAAB3NzaC1yc2EAAAADAQABAAABgQDWJmJtkR8NdFrL4xcoL3OutpifmKrhxxIY6PJOGxTg1Ikdh5rCg4dUM3AaoLtQp95YMV0teU9H3rNpGC80e5KX6/EoYH7hQBzQG+kuNSKVxrjIk1Uk/B5tAX0vVoEE28JpSz+KQu1aGI2nYEES+Jgeq97K/s0f9xu+ZX8ucgNmwBLKZCTrM39B774Vc2YG8bMcZ/5X8hSJdSPoLRDsChx+oL4doSh+foKBMgZjw434KMQCrg9nrLypyTVvuru9q1EJtcgmSWC8AHWpS0YQx8XrielxFMNIaCjegzW+Ph8WU+7Wt3ds2/abScOW9r4HaBh5vBUQcQyzzPZFOShepV6aQ+T/+IlJToAsr5HxZUeiC4F8PLZp2Tp1zhNDcmLvNiKK70PRJ6L1S6w7Kyd9ZL29F2PQGpTxM+FyOmZW0mSyV+CKFCckpKIJz+akg1gPGCsP5O6J5WpjuFNWukZCymPHUGpfqvi+8X1NShd40gqPLnHda3qi2ssbZSbnZ+33mnE= maillerc@LAPTOP-7H61VPOA\r\n\r\npackages:\r\n  - python3\r\n",
            "vars": null
          },
          "sensitive_attributes": []
        }
      ]
    },
    {
      "mode": "managed",
      "type": "aws_instance",
      "name": "app_server",
      "provider": "provider[\"registry.terraform.io/hashicorp/aws\"]",
      "instances": [
        {
          "index_key": 0,
          "schema_version": 1,
          "attributes": {
            "ami": "ami-0d97ef13c06b05a19",
            "arn": "arn:aws:ec2:us-east-2:909408495248:instance/i-05666186a6b548dfc",
            "associate_public_ip_address": true,
            "availability_zone": "us-east-2b",
            "capacity_reservation_specification": [
              {
                "capacity_reservation_preference": "open",
                "capacity_reservation_target": []
              }
            ],
            "cpu_core_count": 1,
            "cpu_threads_per_core": 1,
            "credit_specification": [
              {
                "cpu_credits": "standard"
              }
            ],
            "disable_api_termination": false,
            "ebs_block_device": [],
            "ebs_optimized": false,
            "enclave_options": [
              {
                "enabled": false
              }
            ],
            "ephemeral_block_device": [],
            "get_password_data": false,
            "hibernation": false,
            "host_id": null,
            "iam_instance_profile": "",
            "id": "i-05666186a6b548dfc",
            "instance_initiated_shutdown_behavior": "stop",
            "instance_state": "running",
            "instance_type": "t2.micro",
            "ipv6_address_count": 0,
            "ipv6_addresses": [],
            "key_name": "ssh_MAILLER_cloud-init",
            "launch_template": [],
            "metadata_options": [
              {
                "http_endpoint": "enabled",
                "http_put_response_hop_limit": 1,
                "http_tokens": "optional"
              }
            ],
            "monitoring": false,
            "network_interface": [],
            "outpost_arn": "",
            "password_data": "",
            "placement_group": "",
            "placement_partition_number": null,
            "primary_network_interface_id": "eni-08830f1d84b988223",
            "private_dns": "ip-172-31-19-108.us-east-2.compute.internal",
            "private_ip": "172.31.19.108",
            "public_dns": "ec2-52-14-128-183.us-east-2.compute.amazonaws.com",
            "public_ip": "52.14.128.183",
            "root_block_device": [
              {
                "delete_on_termination": true,
                "device_name": "/dev/sda1",
                "encrypted": false,
                "iops": 100,
                "kms_key_id": "",
                "tags": {},
                "throughput": 0,
                "volume_id": "vol-0d67da2dd8dd05ec7",
                "volume_size": 10,
                "volume_type": "gp2"
              }
            ],
            "secondary_private_ips": [],
            "security_groups": [
              "allow_SSH_MAILLER_cloud-init"
            ],
            "source_dest_check": true,
            "subnet_id": "subnet-550bc128",
            "tags": {
              "Groups": "app",
              "Name": "Mailler_app-0",
              "Owner": "MAILLER Corentin"
            },
            "tags_all": {
              "Groups": "app",
              "Name": "Mailler_app-0",
              "Owner": "MAILLER Corentin"
            },
            "tenancy": "default",
            "timeouts": null,
            "user_data": "d6d3b2e41e1d41d6d7725d072a611570ddaa54c2",
            "user_data_base64": null,
            "volume_tags": null,
            "vpc_security_group_ids": [
              "sg-0d418a7a58a998720",
              "sg-0f31fe4b68b00b789"
            ]
          },
          "sensitive_attributes": [],
          "private": "eyJlMmJmYjczMC1lY2FhLTExZTYtOGY4OC0zNDM2M2JjN2M0YzAiOnsiY3JlYXRlIjo2MDAwMDAwMDAwMDAsImRlbGV0ZSI6MTIwMDAwMDAwMDAwMCwidXBkYXRlIjo2MDAwMDAwMDAwMDB9LCJzY2hlbWFfdmVyc2lvbiI6IjEifQ==",
          "dependencies": [
            "aws_security_group.allow_SSH_cloud-init",
            "aws_security_group.allow_SSH_http",
            "data.template_file.user_data"
          ]
        }
      ]
    },
    {
      "mode": "managed",
      "type": "aws_key_pair",
      "name": "deployer",
      "provider": "provider[\"registry.terraform.io/hashicorp/aws\"]",
      "instances": [
        {
          "schema_version": 1,
          "attributes": {
            "arn": "arn:aws:ec2:us-east-2:909408495248:key-pair/ssh_MAILLER_cloud-init",
            "fingerprint": "c6:7f:0e:2d:c6:08:e3:9e:95:06:bf:a5:14:dc:46:31",
            "id": "ssh_MAILLER_cloud-init",
            "key_name": "ssh_MAILLER_cloud-init",
            "key_name_prefix": "",
            "key_pair_id": "key-0a6e92fcb992e7a02",
            "public_key": "ssh-rsa AAAAB3NzaC1yc2EAAAADAQABAAABgQDWJmJtkR8NdFrL4xcoL3OutpifmKrhxxIY6PJOGxTg1Ikdh5rCg4dUM3AaoLtQp95YMV0teU9H3rNpGC80e5KX6/EoYH7hQBzQG+kuNSKVxrjIk1Uk/B5tAX0vVoEE28JpSz+KQu1aGI2nYEES+Jgeq97K/s0f9xu+ZX8ucgNmwBLKZCTrM39B774Vc2YG8bMcZ/5X8hSJdSPoLRDsChx+oL4doSh+foKBMgZjw434KMQCrg9nrLypyTVvuru9q1EJtcgmSWC8AHWpS0YQx8XrielxFMNIaCjegzW+Ph8WU+7Wt3ds2/abScOW9r4HaBh5vBUQcQyzzPZFOShepV6aQ+T/+IlJToAsr5HxZUeiC4F8PLZp2Tp1zhNDcmLvNiKK70PRJ6L1S6w7Kyd9ZL29F2PQGpTxM+FyOmZW0mSyV+CKFCckpKIJz+akg1gPGCsP5O6J5WpjuFNWukZCymPHUGpfqvi+8X1NShd40gqPLnHda3qi2ssbZSbnZ+33mnE= maillerc@LAPTOP-7H61VPOA",
            "tags": {},
            "tags_all": {}
          },
          "sensitive_attributes": [],
          "private": "eyJzY2hlbWFfdmVyc2lvbiI6IjEifQ=="
        }
      ]
    },
    {
      "mode": "managed",
      "type": "aws_security_group",
      "name": "allow_SSH_cloud-init",
      "provider": "provider[\"registry.terraform.io/hashicorp/aws\"]",
      "instances": [
        {
          "schema_version": 1,
          "attributes": {
            "arn": "arn:aws:ec2:us-east-2:909408495248:security-group/sg-0d418a7a58a998720",
            "description": "Allow SSH inbound traffic",
            "egress": [
              {
                "cidr_blocks": [
                  "0.0.0.0/0"
                ],
                "description": "",
                "from_port": 0,
                "ipv6_cidr_blocks": [
                  "::/0"
                ],
                "prefix_list_ids": [],
                "protocol": "-1",
                "security_groups": [],
                "self": false,
                "to_port": 0
              }
            ],
            "id": "sg-0d418a7a58a998720",
            "ingress": [
              {
                "cidr_blocks": [
                  "0.0.0.0/0"
                ],
                "description": "SSH from VPC",
                "from_port": 22,
                "ipv6_cidr_blocks": [
                  "::/0"
                ],
                "prefix_list_ids": [],
                "protocol": "tcp",
                "security_groups": [],
                "self": false,
                "to_port": 22
              }
            ],
            "name": "allow_SSH_MAILLER_cloud-init",
            "name_prefix": "",
            "owner_id": "909408495248",
            "revoke_rules_on_delete": false,
            "tags": {
              "Groups": "app",
              "Name": "Mailler_app",
              "Owner": "MAILLER Corentin"
            },
            "tags_all": {
              "Groups": "app",
              "Name": "Mailler_app",
              "Owner": "MAILLER Corentin"
            },
            "timeouts": null,
            "vpc_id": "vpc-a00c78cb"
          },
          "sensitive_attributes": [],
          "private": "eyJlMmJmYjczMC1lY2FhLTExZTYtOGY4OC0zNDM2M2JjN2M0YzAiOnsiY3JlYXRlIjo2MDAwMDAwMDAwMDAsImRlbGV0ZSI6OTAwMDAwMDAwMDAwfSwic2NoZW1hX3ZlcnNpb24iOiIxIn0="
        }
      ]
    },
    {
      "mode": "managed",
      "type": "aws_security_group",
      "name": "allow_SSH_http",
      "provider": "provider[\"registry.terraform.io/hashicorp/aws\"]",
      "instances": [
        {
          "schema_version": 1,
          "attributes": {
            "arn": "arn:aws:ec2:us-east-2:909408495248:security-group/sg-0f31fe4b68b00b789",
            "description": "Allow SSH for apache",
            "egress": [
              {
                "cidr_blocks": [
                  "0.0.0.0/0"
                ],
                "description": "",
                "from_port": 0,
                "ipv6_cidr_blocks": [
                  "::/0"
                ],
                "prefix_list_ids": [],
                "protocol": "-1",
                "security_groups": [],
                "self": false,
                "to_port": 0
              }
            ],
            "id": "sg-0f31fe4b68b00b789",
            "ingress": [
              {
                "cidr_blocks": [
                  "0.0.0.0/0"
                ],
                "description": "SSH from VPC",
                "from_port": 8080,
                "ipv6_cidr_blocks": [
                  "::/0"
                ],
                "prefix_list_ids": [],
                "protocol": "tcp",
                "security_groups": [],
                "self": false,
                "to_port": 8080
              }
            ],
            "name": "allow_SSH_MAILLER_http",
            "name_prefix": "",
            "owner_id": "909408495248",
            "revoke_rules_on_delete": false,
            "tags": {
              "Groups": "app",
              "Name": "Mailler_app",
              "Owner": "MAILLER Corentin"
            },
            "tags_all": {
              "Groups": "app",
              "Name": "Mailler_app",
              "Owner": "MAILLER Corentin"
            },
            "timeouts": null,
            "vpc_id": "vpc-a00c78cb"
          },
          "sensitive_attributes": [],
          "private": "eyJlMmJmYjczMC1lY2FhLTExZTYtOGY4OC0zNDM2M2JjN2M0YzAiOnsiY3JlYXRlIjo2MDAwMDAwMDAwMDAsImRlbGV0ZSI6OTAwMDAwMDAwMDAwfSwic2NoZW1hX3ZlcnNpb24iOiIxIn0="
        }
      ]
    }
  ]
}
